
Microsoft Visual Studio Solution File, Format Version 12.00
# Visual Studio Version 17
VisualStudioVersion = 17.11.35303.130
MinimumVisualStudioVersion = 10.0.40219.1
Project("{FAE04EC0-301F-11D3-BF4B-00C04F79EFBC}") = "Gimnasio", "Gimnasio\Gimnasio.csproj", "{DDE0A49A-2EE1-4D08-972B-94BF15CDDE29}"
EndProject
Global
	GlobalSection(SolutionConfigurationPlatforms) = preSolution
		Debug|Any CPU = Debug|Any CPU
		Release|Any CPU = Release|Any CPU
	EndGlobalSection
	GlobalSection(ProjectConfigurationPlatforms) = postSolution
		{DDE0A49A-2EE1-4D08-972B-94BF15CDDE29}.Debug|Any CPU.ActiveCfg = Debug|Any CPU
		{DDE0A49A-2EE1-4D08-972B-94BF15CDDE29}.Debug|Any CPU.Build.0 = Debug|Any CPU
		{DDE0A49A-2EE1-4D08-972B-94BF15CDDE29}.Release|Any CPU.ActiveCfg = Release|Any CPU
		{DDE0A49A-2EE1-4D08-972B-94BF15CDDE29}.Release|Any CPU.Build.0 = Release|Any CPU
	EndGlobalSection
	GlobalSection(SolutionProperties) = preSolution
		HideSolutionNode = FALSE
	EndGlobalSection
	GlobalSection(ExtensibilityGlobals) = postSolution
		SolutionGuid = {A0C68AF9-4158-475D-B25C-8AA1CDBDF452}
	EndGlobalSection
EndGlobal
